
Microsoft Visual Studio Solution File, Format Version 12.00
# Visual Studio Version 17
VisualStudioVersion = 17.1.32414.318
MinimumVisualStudioVersion = 10.0.40219.1
Project("{FAE04EC0-301F-11D3-BF4B-00C04F79EFBC}") = "FivePD Callsign to Plate Plugin", "FivePD Callsign to Plate Plugin\FivePD Callsign to Plate Plugin.csproj", "{0120CBF3-D4A9-4882-B342-2BAB5407D90E}"
EndProject
Global
	GlobalSection(SolutionConfigurationPlatforms) = preSolution
		Debug|Any CPU = Debug|Any CPU
		Release|Any CPU = Release|Any CPU
	EndGlobalSection
	GlobalSection(ProjectConfigurationPlatforms) = postSolution
		{0120CBF3-D4A9-4882-B342-2BAB5407D90E}.Debug|Any CPU.ActiveCfg = Debug|Any CPU
		{0120CBF3-D4A9-4882-B342-2BAB5407D90E}.Debug|Any CPU.Build.0 = Debug|Any CPU
		{0120CBF3-D4A9-4882-B342-2BAB5407D90E}.Release|Any CPU.ActiveCfg = Release|Any CPU
		{0120CBF3-D4A9-4882-B342-2BAB5407D90E}.Release|Any CPU.Build.0 = Release|Any CPU
	EndGlobalSection
	GlobalSection(SolutionProperties) = preSolution
		HideSolutionNode = FALSE
	EndGlobalSection
	GlobalSection(ExtensibilityGlobals) = postSolution
		SolutionGuid = {D9E16EFE-8961-4B2D-9977-A4F9E2B5A9B1}
	EndGlobalSection
EndGlobal
